// !$*UTF8*$!
{
	archiveVersion = 1;
	classes = {
	};
	objectVersion = 46;
	objects = {

/* Begin PBXBuildFile section */
		880519C31E4697EF000E43E1 /* CustomTableViewCell.swift in Sources */ = {isa = PBXBuildFile; fileRef = 880519C11E4697EF000E43E1 /* CustomTableViewCell.swift */; };
		880519C41E4697EF000E43E1 /* CustomTableViewCell.xib in Resources */ = {isa = PBXBuildFile; fileRef = 880519C21E4697EF000E43E1 /* CustomTableViewCell.xib */; };
		88228FE41E41490C00450F39 /* Main.storyboard in Resources */ = {isa = PBXBuildFile; fileRef = 88228FE31E41490C00450F39 /* Main.storyboard */; };
		88228FEB1E414B9C00450F39 /* LibraryViewController.swift in Sources */ = {isa = PBXBuildFile; fileRef = 88228FE91E414B9C00450F39 /* LibraryViewController.swift */; };
		88228FEC1E414B9C00450F39 /* LibraryViewController.xib in Resources */ = {isa = PBXBuildFile; fileRef = 88228FEA1E414B9C00450F39 /* LibraryViewController.xib */; };
		88228FEE1E41564800450F39 /* FoundationExtensions.swift in Sources */ = {isa = PBXBuildFile; fileRef = 88228FED1E41564800450F39 /* FoundationExtensions.swift */; };
		882654141E3CB3A4005E8D22 /* AppDelegate.swift in Sources */ = {isa = PBXBuildFile; fileRef = 882654131E3CB3A4005E8D22 /* AppDelegate.swift */; };
		8826541B1E3CB3A4005E8D22 /* Assets.xcassets in Resources */ = {isa = PBXBuildFile; fileRef = 8826541A1E3CB3A4005E8D22 /* Assets.xcassets */; };
		8826541E1E3CB3A4005E8D22 /* LaunchScreen.storyboard in Resources */ = {isa = PBXBuildFile; fileRef = 8826541C1E3CB3A4005E8D22 /* LaunchScreen.storyboard */; };
		882654291E3CB67F005E8D22 /* Books.swift in Sources */ = {isa = PBXBuildFile; fileRef = 882654281E3CB67F005E8D22 /* Books.swift */; };
		8826542B1E3CB699005E8D22 /* Library.swift in Sources */ = {isa = PBXBuildFile; fileRef = 8826542A1E3CB699005E8D22 /* Library.swift */; };
		882654301E3CFFB9005E8D22 /* JSONProcessing.swift in Sources */ = {isa = PBXBuildFile; fileRef = 8826542F1E3CFFB9005E8D22 /* JSONProcessing.swift */; };
		882654321E3D008F005E8D22 /* Errors.swift in Sources */ = {isa = PBXBuildFile; fileRef = 882654311E3D008F005E8D22 /* Errors.swift */; };
		88663C071E4A5EAE0018785F /* Media.xcassets in Resources */ = {isa = PBXBuildFile; fileRef = 88663C061E4A5EAE0018785F /* Media.xcassets */; };
		886742931E47B34900EAEDF7 /* PDFViewerViewController.swift in Sources */ = {isa = PBXBuildFile; fileRef = 886742911E47B34900EAEDF7 /* PDFViewerViewController.swift */; };
		886742941E47B34900EAEDF7 /* PDFViewerViewController.xib in Resources */ = {isa = PBXBuildFile; fileRef = 886742921E47B34900EAEDF7 /* PDFViewerViewController.xib */; };
		886742961E47BDF200EAEDF7 /* libro.pdf in Resources */ = {isa = PBXBuildFile; fileRef = 886742951E47BDF200EAEDF7 /* libro.pdf */; };
		888609B21E46CE3300F68013 /* libro.png in Resources */ = {isa = PBXBuildFile; fileRef = 888609B11E46CE3300F68013 /* libro.png */; };
		888609B51E46DA9D00F68013 /* BookViewController.swift in Sources */ = {isa = PBXBuildFile; fileRef = 888609B31E46DA9D00F68013 /* BookViewController.swift */; };
		888609B61E46DA9D00F68013 /* BookViewController.xib in Resources */ = {isa = PBXBuildFile; fileRef = 888609B41E46DA9D00F68013 /* BookViewController.xib */; };
		88864A1F1E43C1D9003AC5EC /* Tags.swift in Sources */ = {isa = PBXBuildFile; fileRef = 88864A1E1E43C1D9003AC5EC /* Tags.swift */; };
		88864A211E43C986003AC5EC /* Authors.swift in Sources */ = {isa = PBXBuildFile; fileRef = 88864A201E43C986003AC5EC /* Authors.swift */; };
		88C944081E4500B5002CAF47 /* Downloader.swift in Sources */ = {isa = PBXBuildFile; fileRef = 88C944071E4500B5002CAF47 /* Downloader.swift */; };
		88D8F15E1E42BEFE009D0EB8 /* MultiDictionary.swift in Sources */ = {isa = PBXBuildFile; fileRef = 88D8F15D1E42BEFE009D0EB8 /* MultiDictionary.swift */; };
		88D8F1601E42BF1E009D0EB8 /* AsyncData.swift in Sources */ = {isa = PBXBuildFile; fileRef = 88D8F15F1E42BF1E009D0EB8 /* AsyncData.swift */; };
/* End PBXBuildFile section */

/* Begin PBXFileReference section */
		880519C11E4697EF000E43E1 /* CustomTableViewCell.swift */ = {isa = PBXFileReference; fileEncoding = 4; lastKnownFileType = sourcecode.swift; path = CustomTableViewCell.swift; sourceTree = "<group>"; };
		880519C21E4697EF000E43E1 /* CustomTableViewCell.xib */ = {isa = PBXFileReference; fileEncoding = 4; lastKnownFileType = file.xib; path = CustomTableViewCell.xib; sourceTree = "<group>"; };
		88228FE31E41490C00450F39 /* Main.storyboard */ = {isa = PBXFileReference; fileEncoding = 4; lastKnownFileType = file.storyboard; path = Main.storyboard; sourceTree = "<group>"; };
		88228FE91E414B9C00450F39 /* LibraryViewController.swift */ = {isa = PBXFileReference; fileEncoding = 4; lastKnownFileType = sourcecode.swift; path = LibraryViewController.swift; sourceTree = "<group>"; };
		88228FEA1E414B9C00450F39 /* LibraryViewController.xib */ = {isa = PBXFileReference; fileEncoding = 4; lastKnownFileType = file.xib; path = LibraryViewController.xib; sourceTree = "<group>"; };
		88228FED1E41564800450F39 /* FoundationExtensions.swift */ = {isa = PBXFileReference; fileEncoding = 4; lastKnownFileType = sourcecode.swift; path = FoundationExtensions.swift; sourceTree = "<group>"; };
		882654101E3CB3A4005E8D22 /* HackerBooks.app */ = {isa = PBXFileReference; explicitFileType = wrapper.application; includeInIndex = 0; path = HackerBooks.app; sourceTree = BUILT_PRODUCTS_DIR; };
		882654131E3CB3A4005E8D22 /* AppDelegate.swift */ = {isa = PBXFileReference; lastKnownFileType = sourcecode.swift; path = AppDelegate.swift; sourceTree = "<group>"; };
		8826541A1E3CB3A4005E8D22 /* Assets.xcassets */ = {isa = PBXFileReference; lastKnownFileType = folder.assetcatalog; path = Assets.xcassets; sourceTree = "<group>"; };
		8826541D1E3CB3A4005E8D22 /* Base */ = {isa = PBXFileReference; lastKnownFileType = file.storyboard; name = Base; path = Base.lproj/LaunchScreen.storyboard; sourceTree = "<group>"; };
		8826541F1E3CB3A4005E8D22 /* Info.plist */ = {isa = PBXFileReference; lastKnownFileType = text.plist.xml; path = Info.plist; sourceTree = "<group>"; };
		882654281E3CB67F005E8D22 /* Books.swift */ = {isa = PBXFileReference; fileEncoding = 4; lastKnownFileType = sourcecode.swift; path = Books.swift; sourceTree = "<group>"; };
		8826542A1E3CB699005E8D22 /* Library.swift */ = {isa = PBXFileReference; fileEncoding = 4; lastKnownFileType = sourcecode.swift; path = Library.swift; sourceTree = "<group>"; };
		8826542F1E3CFFB9005E8D22 /* JSONProcessing.swift */ = {isa = PBXFileReference; fileEncoding = 4; lastKnownFileType = sourcecode.swift; path = JSONProcessing.swift; sourceTree = "<group>"; };
		882654311E3D008F005E8D22 /* Errors.swift */ = {isa = PBXFileReference; fileEncoding = 4; lastKnownFileType = sourcecode.swift; path = Errors.swift; sourceTree = "<group>"; };
		88663C061E4A5EAE0018785F /* Media.xcassets */ = {isa = PBXFileReference; lastKnownFileType = folder.assetcatalog; path = Media.xcassets; sourceTree = "<group>"; };
		886742911E47B34900EAEDF7 /* PDFViewerViewController.swift */ = {isa = PBXFileReference; fileEncoding = 4; lastKnownFileType = sourcecode.swift; path = PDFViewerViewController.swift; sourceTree = "<group>"; };
		886742921E47B34900EAEDF7 /* PDFViewerViewController.xib */ = {isa = PBXFileReference; fileEncoding = 4; lastKnownFileType = file.xib; path = PDFViewerViewController.xib; sourceTree = "<group>"; };
		886742951E47BDF200EAEDF7 /* libro.pdf */ = {isa = PBXFileReference; lastKnownFileType = image.pdf; path = libro.pdf; sourceTree = "<group>"; };
		888609B11E46CE3300F68013 /* libro.png */ = {isa = PBXFileReference; lastKnownFileType = image.png; path = libro.png; sourceTree = "<group>"; };
		888609B31E46DA9D00F68013 /* BookViewController.swift */ = {isa = PBXFileReference; fileEncoding = 4; lastKnownFileType = sourcecode.swift; path = BookViewController.swift; sourceTree = "<group>"; };
		888609B41E46DA9D00F68013 /* BookViewController.xib */ = {isa = PBXFileReference; fileEncoding = 4; lastKnownFileType = file.xib; path = BookViewController.xib; sourceTree = "<group>"; };
		88864A1E1E43C1D9003AC5EC /* Tags.swift */ = {isa = PBXFileReference; fileEncoding = 4; lastKnownFileType = sourcecode.swift; path = Tags.swift; sourceTree = "<group>"; };
		88864A201E43C986003AC5EC /* Authors.swift */ = {isa = PBXFileReference; fileEncoding = 4; lastKnownFileType = sourcecode.swift; path = Authors.swift; sourceTree = "<group>"; };
		88C944071E4500B5002CAF47 /* Downloader.swift */ = {isa = PBXFileReference; fileEncoding = 4; lastKnownFileType = sourcecode.swift; path = Downloader.swift; sourceTree = "<group>"; };
		88D8F15D1E42BEFE009D0EB8 /* MultiDictionary.swift */ = {isa = PBXFileReference; fileEncoding = 4; lastKnownFileType = sourcecode.swift; path = MultiDictionary.swift; sourceTree = "<group>"; };
		88D8F15F1E42BF1E009D0EB8 /* AsyncData.swift */ = {isa = PBXFileReference; fileEncoding = 4; lastKnownFileType = sourcecode.swift; path = AsyncData.swift; sourceTree = "<group>"; };
/* End PBXFileReference section */

/* Begin PBXFrameworksBuildPhase section */
		8826540D1E3CB3A4005E8D22 /* Frameworks */ = {
			isa = PBXFrameworksBuildPhase;
			buildActionMask = 2147483647;
			files = (
			);
			runOnlyForDeploymentPostprocessing = 0;
		};
/* End PBXFrameworksBuildPhase section */

/* Begin PBXGroup section */
		88228FDA1E412CA500450F39 /* Utils */ = {
			isa = PBXGroup;
			children = (
				88D8F15F1E42BF1E009D0EB8 /* AsyncData.swift */,
				88228FED1E41564800450F39 /* FoundationExtensions.swift */,
				88C944071E4500B5002CAF47 /* Downloader.swift */,
			);
			name = Utils;
			sourceTree = "<group>";
		};
		882654071E3CB3A4005E8D22 = {
			isa = PBXGroup;
			children = (
				882654121E3CB3A4005E8D22 /* HackerBooks */,
				882654111E3CB3A4005E8D22 /* Products */,
			);
			sourceTree = "<group>";
		};
		882654111E3CB3A4005E8D22 /* Products */ = {
			isa = PBXGroup;
			children = (
				882654101E3CB3A4005E8D22 /* HackerBooks.app */,
			);
			name = Products;
			sourceTree = "<group>";
		};
		882654121E3CB3A4005E8D22 /* HackerBooks */ = {
			isa = PBXGroup;
			children = (
				882654251E3CB5D1005E8D22 /* Model */,
				882654261E3CB5F5005E8D22 /* Controllers */,
				88228FDA1E412CA500450F39 /* Utils */,
				882654271E3CB5FE005E8D22 /* Resources */,
			);
			path = HackerBooks;
			sourceTree = "<group>";
		};
		882654251E3CB5D1005E8D22 /* Model */ = {
			isa = PBXGroup;
			children = (
				882654281E3CB67F005E8D22 /* Books.swift */,
				88864A1E1E43C1D9003AC5EC /* Tags.swift */,
				88864A201E43C986003AC5EC /* Authors.swift */,
				8826542A1E3CB699005E8D22 /* Library.swift */,
				8826542F1E3CFFB9005E8D22 /* JSONProcessing.swift */,
				882654311E3D008F005E8D22 /* Errors.swift */,
				88D8F15D1E42BEFE009D0EB8 /* MultiDictionary.swift */,
			);
			name = Model;
			sourceTree = "<group>";
		};
		882654261E3CB5F5005E8D22 /* Controllers */ = {
			isa = PBXGroup;
			children = (
				88228FE31E41490C00450F39 /* Main.storyboard */,
				882654131E3CB3A4005E8D22 /* AppDelegate.swift */,
				88228FE91E414B9C00450F39 /* LibraryViewController.swift */,
				88228FEA1E414B9C00450F39 /* LibraryViewController.xib */,
				880519C11E4697EF000E43E1 /* CustomTableViewCell.swift */,
				880519C21E4697EF000E43E1 /* CustomTableViewCell.xib */,
				888609B31E46DA9D00F68013 /* BookViewController.swift */,
				888609B41E46DA9D00F68013 /* BookViewController.xib */,
				886742911E47B34900EAEDF7 /* PDFViewerViewController.swift */,
				886742921E47B34900EAEDF7 /* PDFViewerViewController.xib */,
			);
			name = Controllers;
			sourceTree = "<group>";
		};
		882654271E3CB5FE005E8D22 /* Resources */ = {
			isa = PBXGroup;
			children = (
				886742951E47BDF200EAEDF7 /* libro.pdf */,
				888609B11E46CE3300F68013 /* libro.png */,
				8826541F1E3CB3A4005E8D22 /* Info.plist */,
				8826541C1E3CB3A4005E8D22 /* LaunchScreen.storyboard */,
				8826541A1E3CB3A4005E8D22 /* Assets.xcassets */,
				88663C061E4A5EAE0018785F /* Media.xcassets */,
			);
			name = Resources;
			sourceTree = "<group>";
		};
/* End PBXGroup section */

/* Begin PBXNativeTarget section */
		8826540F1E3CB3A4005E8D22 /* HackerBooks */ = {
			isa = PBXNativeTarget;
			buildConfigurationList = 882654221E3CB3A4005E8D22 /* Build configuration list for PBXNativeTarget "HackerBooks" */;
			buildPhases = (
				8826540C1E3CB3A4005E8D22 /* Sources */,
				8826540D1E3CB3A4005E8D22 /* Frameworks */,
				8826540E1E3CB3A4005E8D22 /* Resources */,
			);
			buildRules = (
			);
			dependencies = (
			);
			name = HackerBooks;
			productName = HackerBooks;
			productReference = 882654101E3CB3A4005E8D22 /* HackerBooks.app */;
			productType = "com.apple.product-type.application";
		};
/* End PBXNativeTarget section */

/* Begin PBXProject section */
		882654081E3CB3A4005E8D22 /* Project object */ = {
			isa = PBXProject;
			attributes = {
				LastSwiftUpdateCheck = 0820;
				LastUpgradeCheck = 0820;
				ORGANIZATIONNAME = ESoft;
				TargetAttributes = {
					8826540F1E3CB3A4005E8D22 = {
						CreatedOnToolsVersion = 8.2.1;
						DevelopmentTeam = 69A85A3TC3;
						LastSwiftMigration = 0820;
						ProvisioningStyle = Automatic;
					};
				};
			};
			buildConfigurationList = 8826540B1E3CB3A4005E8D22 /* Build configuration list for PBXProject "HackerBooks" */;
			compatibilityVersion = "Xcode 3.2";
			developmentRegion = English;
			hasScannedForEncodings = 0;
			knownRegions = (
				en,
				Base,
			);
			mainGroup = 882654071E3CB3A4005E8D22;
			productRefGroup = 882654111E3CB3A4005E8D22 /* Products */;
			projectDirPath = "";
			projectRoot = "";
			targets = (
				8826540F1E3CB3A4005E8D22 /* HackerBooks */,
			);
		};
/* End PBXProject section */

/* Begin PBXResourcesBuildPhase section */
		8826540E1E3CB3A4005E8D22 /* Resources */ = {
			isa = PBXResourcesBuildPhase;
			buildActionMask = 2147483647;
			files = (
				88663C071E4A5EAE0018785F /* Media.xcassets in Resources */,
				88228FEC1E414B9C00450F39 /* LibraryViewController.xib in Resources */,
				880519C41E4697EF000E43E1 /* CustomTableViewCell.xib in Resources */,
				886742961E47BDF200EAEDF7 /* libro.pdf in Resources */,
				888609B61E46DA9D00F68013 /* BookViewController.xib in Resources */,
				888609B21E46CE3300F68013 /* libro.png in Resources */,
				88228FE41E41490C00450F39 /* Main.storyboard in Resources */,
				8826541E1E3CB3A4005E8D22 /* LaunchScreen.storyboard in Resources */,
				8826541B1E3CB3A4005E8D22 /* Assets.xcassets in Resources */,
				886742941E47B34900EAEDF7 /* PDFViewerViewController.xib in Resources */,
			);
			runOnlyForDeploymentPostprocessing = 0;
		};
/* End PBXResourcesBuildPhase section */

/* Begin PBXSourcesBuildPhase section */
		8826540C1E3CB3A4005E8D22 /* Sources */ = {
			isa = PBXSourcesBuildPhase;
			buildActionMask = 2147483647;
			files = (
				882654291E3CB67F005E8D22 /* Books.swift in Sources */,
				8826542B1E3CB699005E8D22 /* Library.swift in Sources */,
				88228FEB1E414B9C00450F39 /* LibraryViewController.swift in Sources */,
				888609B51E46DA9D00F68013 /* BookViewController.swift in Sources */,
				88D8F1601E42BF1E009D0EB8 /* AsyncData.swift in Sources */,
				882654141E3CB3A4005E8D22 /* AppDelegate.swift in Sources */,
				882654321E3D008F005E8D22 /* Errors.swift in Sources */,
				882654301E3CFFB9005E8D22 /* JSONProcessing.swift in Sources */,
				88D8F15E1E42BEFE009D0EB8 /* MultiDictionary.swift in Sources */,
				88C944081E4500B5002CAF47 /* Downloader.swift in Sources */,
				880519C31E4697EF000E43E1 /* CustomTableViewCell.swift in Sources */,
				88864A1F1E43C1D9003AC5EC /* Tags.swift in Sources */,
				886742931E47B34900EAEDF7 /* PDFViewerViewController.swift in Sources */,
				88864A211E43C986003AC5EC /* Authors.swift in Sources */,
				88228FEE1E41564800450F39 /* FoundationExtensions.swift in Sources */,
			);
			runOnlyForDeploymentPostprocessing = 0;
		};
/* End PBXSourcesBuildPhase section */

/* Begin PBXVariantGroup section */
		8826541C1E3CB3A4005E8D22 /* LaunchScreen.storyboard */ = {
			isa = PBXVariantGroup;
			children = (
				8826541D1E3CB3A4005E8D22 /* Base */,
			);
			name = LaunchScreen.storyboard;
			sourceTree = "<group>";
		};
/* End PBXVariantGroup section */

/* Begin XCBuildConfiguration section */
		882654201E3CB3A4005E8D22 /* Debug */ = {
			isa = XCBuildConfiguration;
			buildSettings = {
				ALWAYS_SEARCH_USER_PATHS = NO;
				CLANG_ANALYZER_NONNULL = YES;
				CLANG_CXX_LANGUAGE_STANDARD = "gnu++0x";
				CLANG_CXX_LIBRARY = "libc++";
				CLANG_ENABLE_MODULES = YES;
				CLANG_ENABLE_OBJC_ARC = YES;
				CLANG_WARN_BOOL_CONVERSION = YES;
				CLANG_WARN_CONSTANT_CONVERSION = YES;
				CLANG_WARN_DIRECT_OBJC_ISA_USAGE = YES_ERROR;
				CLANG_WARN_DOCUMENTATION_COMMENTS = YES;
				CLANG_WARN_EMPTY_BODY = YES;
				CLANG_WARN_ENUM_CONVERSION = YES;
				CLANG_WARN_INFINITE_RECURSION = YES;
				CLANG_WARN_INT_CONVERSION = YES;
				CLANG_WARN_OBJC_ROOT_CLASS = YES_ERROR;
				CLANG_WARN_SUSPICIOUS_MOVE = YES;
				CLANG_WARN_UNREACHABLE_CODE = YES;
				CLANG_WARN__DUPLICATE_METHOD_MATCH = YES;
				"CODE_SIGN_IDENTITY[sdk=iphoneos*]" = "iPhone Developer";
				COPY_PHASE_STRIP = NO;
				DEBUG_INFORMATION_FORMAT = dwarf;
				ENABLE_STRICT_OBJC_MSGSEND = YES;
				ENABLE_TESTABILITY = YES;
				GCC_C_LANGUAGE_STANDARD = gnu99;
				GCC_DYNAMIC_NO_PIC = NO;
				GCC_NO_COMMON_BLOCKS = YES;
				GCC_OPTIMIZATION_LEVEL = 0;
				GCC_PREPROCESSOR_DEFINITIONS = (
					"DEBUG=1",
					"$(inherited)",
				);
				GCC_WARN_64_TO_32_BIT_CONVERSION = YES;
				GCC_WARN_ABOUT_RETURN_TYPE = YES_ERROR;
				GCC_WARN_UNDECLARED_SELECTOR = YES;
				GCC_WARN_UNINITIALIZED_AUTOS = YES_AGGRESSIVE;
				GCC_WARN_UNUSED_FUNCTION = YES;
				GCC_WARN_UNUSED_VARIABLE = YES;
				IPHONEOS_DEPLOYMENT_TARGET = 10.2;
				MTL_ENABLE_DEBUG_INFO = YES;
				ONLY_ACTIVE_ARCH = YES;
				SDKROOT = iphoneos;
				SWIFT_ACTIVE_COMPILATION_CONDITIONS = DEBUG;
				SWIFT_OPTIMIZATION_LEVEL = "-Onone";
			};
			name = Debug;
		};
		882654211E3CB3A4005E8D22 /* Release */ = {
			isa = XCBuildConfiguration;
			buildSettings = {
				ALWAYS_SEARCH_USER_PATHS = NO;
				CLANG_ANALYZER_NONNULL = YES;
				CLANG_CXX_LANGUAGE_STANDARD = "gnu++0x";
				CLANG_CXX_LIBRARY = "libc++";
				CLANG_ENABLE_MODULES = YES;
				CLANG_ENABLE_OBJC_ARC = YES;
				CLANG_WARN_BOOL_CONVERSION = YES;
				CLANG_WARN_CONSTANT_CONVERSION = YES;
				CLANG_WARN_DIRECT_OBJC_ISA_USAGE = YES_ERROR;
				CLANG_WARN_DOCUMENTATION_COMMENTS = YES;
				CLANG_WARN_EMPTY_BODY = YES;
				CLANG_WARN_ENUM_CONVERSION = YES;
				CLANG_WARN_INFINITE_RECURSION = YES;
				CLANG_WARN_INT_CONVERSION = YES;
				CLANG_WARN_OBJC_ROOT_CLASS = YES_ERROR;
				CLANG_WARN_SUSPICIOUS_MOVE = YES;
				CLANG_WARN_UNREACHABLE_CODE = YES;
				CLANG_WARN__DUPLICATE_METHOD_MATCH = YES;
				"CODE_SIGN_IDENTITY[sdk=iphoneos*]" = "iPhone Developer";
				COPY_PHASE_STRIP = NO;
				DEBUG_INFORMATION_FORMAT = "dwarf-with-dsym";
				ENABLE_NS_ASSERTIONS = NO;
				ENABLE_STRICT_OBJC_MSGSEND = YES;
				GCC_C_LANGUAGE_STANDARD = gnu99;
				GCC_NO_COMMON_BLOCKS = YES;
				GCC_WARN_64_TO_32_BIT_CONVERSION = YES;
				GCC_WARN_ABOUT_RETURN_TYPE = YES_ERROR;
				GCC_WARN_UNDECLARED_SELECTOR = YES;
				GCC_WARN_UNINITIALIZED_AUTOS = YES_AGGRESSIVE;
				GCC_WARN_UNUSED_FUNCTION = YES;
				GCC_WARN_UNUSED_VARIABLE = YES;
				IPHONEOS_DEPLOYMENT_TARGET = 10.2;
				MTL_ENABLE_DEBUG_INFO = NO;
				SDKROOT = iphoneos;
				SWIFT_OPTIMIZATION_LEVEL = "-Owholemodule";
				VALIDATE_PRODUCT = YES;
			};
			name = Release;
		};
		882654231E3CB3A4005E8D22 /* Debug */ = {
			isa = XCBuildConfiguration;
			buildSettings = {
				ASSETCATALOG_COMPILER_APPICON_NAME = AppIcon;
				DEVELOPMENT_TEAM = 69A85A3TC3;
				INFOPLIST_FILE = HackerBooks/Info.plist;
				LD_RUNPATH_SEARCH_PATHS = "$(inherited) @executable_path/Frameworks";
				PRODUCT_BUNDLE_IDENTIFIER = com.emprendesoft.HackerBooks;
				PRODUCT_NAME = "$(TARGET_NAME)";
				SWIFT_VERSION = 3.0;
				TARGETED_DEVICE_FAMILY = "1,2";
			};
			name = Debug;
		};
		882654241E3CB3A4005E8D22 /* Release */ = {
			isa = XCBuildConfiguration;
			buildSettings = {
				ASSETCATALOG_COMPILER_APPICON_NAME = AppIcon;
				DEVELOPMENT_TEAM = 69A85A3TC3;
				INFOPLIST_FILE = HackerBooks/Info.plist;
				LD_RUNPATH_SEARCH_PATHS = "$(inherited) @executable_path/Frameworks";
				PRODUCT_BUNDLE_IDENTIFIER = com.emprendesoft.HackerBooks;
				PRODUCT_NAME = "$(TARGET_NAME)";
				SWIFT_VERSION = 3.0;
				TARGETED_DEVICE_FAMILY = "1,2";
			};
			name = Release;
		};
/* End XCBuildConfiguration section */

/* Begin XCConfigurationList section */
		8826540B1E3CB3A4005E8D22 /* Build configuration list for PBXProject "HackerBooks" */ = {
			isa = XCConfigurationList;
			buildConfigurations = (
				882654201E3CB3A4005E8D22 /* Debug */,
				882654211E3CB3A4005E8D22 /* Release */,
			);
			defaultConfigurationIsVisible = 0;
			defaultConfigurationName = Release;
		};
		882654221E3CB3A4005E8D22 /* Build configuration list for PBXNativeTarget "HackerBooks" */ = {
			isa = XCConfigurationList;
			buildConfigurations = (
				882654231E3CB3A4005E8D22 /* Debug */,
				882654241E3CB3A4005E8D22 /* Release */,
			);
			defaultConfigurationIsVisible = 0;
			defaultConfigurationName = Release;
		};
/* End XCConfigurationList section */
	};
	rootObject = 882654081E3CB3A4005E8D22 /* Project object */;
}
